
Microsoft Visual Studio Solution File, Format Version 12.00
# Visual Studio 15
VisualStudioVersion = 15.0.26228.4
MinimumVisualStudioVersion = 10.0.40219.1
Project("{FAE04EC0-301F-11D3-BF4B-00C04F79EFBC}") = "GAme1", "GAme1\GAme1.csproj", "{652FB125-B438-4FE3-AF08-31236C53FAAA}"
EndProject
Global
	GlobalSection(SolutionConfigurationPlatforms) = preSolution
		Debug|Any CPU = Debug|Any CPU
		Release|Any CPU = Release|Any CPU
	EndGlobalSection
	GlobalSection(ProjectConfigurationPlatforms) = postSolution
		{652FB125-B438-4FE3-AF08-31236C53FAAA}.Debug|Any CPU.ActiveCfg = Debug|Any CPU
		{652FB125-B438-4FE3-AF08-31236C53FAAA}.Debug|Any CPU.Build.0 = Debug|Any CPU
		{652FB125-B438-4FE3-AF08-31236C53FAAA}.Release|Any CPU.ActiveCfg = Release|Any CPU
		{652FB125-B438-4FE3-AF08-31236C53FAAA}.Release|Any CPU.Build.0 = Release|Any CPU
	EndGlobalSection
	GlobalSection(SolutionProperties) = preSolution
		HideSolutionNode = FALSE
	EndGlobalSection
EndGlobal
